
Microsoft Visual Studio Solution File, Format Version 12.00
# Visual Studio Version 17
VisualStudioVersion = 17.13.35931.197 d17.13
MinimumVisualStudioVersion = 10.0.40219.1
Project("{8BC9CEB8-8B4A-11D0-8D11-00A0C91BC942}") = "day18", "day18\day18.vcxproj", "{ABDA0288-A001-4319-8654-1F52C8AA3C40}"
EndProject
Global
	GlobalSection(SolutionConfigurationPlatforms) = preSolution
		Debug|x64 = Debug|x64
		Debug|x86 = Debug|x86
		Release|x64 = Release|x64
		Release|x86 = Release|x86
	EndGlobalSection
	GlobalSection(ProjectConfigurationPlatforms) = postSolution
		{ABDA0288-A001-4319-8654-1F52C8AA3C40}.Debug|x64.ActiveCfg = Debug|x64
		{ABDA0288-A001-4319-8654-1F52C8AA3C40}.Debug|x64.Build.0 = Debug|x64
		{ABDA0288-A001-4319-8654-1F52C8AA3C40}.Debug|x86.ActiveCfg = Debug|Win32
		{ABDA0288-A001-4319-8654-1F52C8AA3C40}.Debug|x86.Build.0 = Debug|Win32
		{ABDA0288-A001-4319-8654-1F52C8AA3C40}.Release|x64.ActiveCfg = Release|x64
		{ABDA0288-A001-4319-8654-1F52C8AA3C40}.Release|x64.Build.0 = Release|x64
		{ABDA0288-A001-4319-8654-1F52C8AA3C40}.Release|x86.ActiveCfg = Release|Win32
		{ABDA0288-A001-4319-8654-1F52C8AA3C40}.Release|x86.Build.0 = Release|Win32
	EndGlobalSection
	GlobalSection(SolutionProperties) = preSolution
		HideSolutionNode = FALSE
	EndGlobalSection
	GlobalSection(ExtensibilityGlobals) = postSolution
		SolutionGuid = {AFE7CD44-9CA5-42B1-98ED-63AD5829DFF9}
	EndGlobalSection
EndGlobal
