
Microsoft Visual Studio Solution File, Format Version 12.00
# Visual Studio Version 17
VisualStudioVersion = 17.9.34714.143
MinimumVisualStudioVersion = 10.0.40219.1
Project("{8BC9CEB8-8B4A-11D0-8D11-00A0C91BC942}") = "day33", "day33\day33.vcxproj", "{2F4EB2A2-FDD8-4D9E-8CF0-E31897F9B228}"
EndProject
Global
	GlobalSection(SolutionConfigurationPlatforms) = preSolution
		Debug|x64 = Debug|x64
		Debug|x86 = Debug|x86
		Release|x64 = Release|x64
		Release|x86 = Release|x86
	EndGlobalSection
	GlobalSection(ProjectConfigurationPlatforms) = postSolution
		{2F4EB2A2-FDD8-4D9E-8CF0-E31897F9B228}.Debug|x64.ActiveCfg = Debug|x64
		{2F4EB2A2-FDD8-4D9E-8CF0-E31897F9B228}.Debug|x64.Build.0 = Debug|x64
		{2F4EB2A2-FDD8-4D9E-8CF0-E31897F9B228}.Debug|x86.ActiveCfg = Debug|Win32
		{2F4EB2A2-FDD8-4D9E-8CF0-E31897F9B228}.Debug|x86.Build.0 = Debug|Win32
		{2F4EB2A2-FDD8-4D9E-8CF0-E31897F9B228}.Release|x64.ActiveCfg = Release|x64
		{2F4EB2A2-FDD8-4D9E-8CF0-E31897F9B228}.Release|x64.Build.0 = Release|x64
		{2F4EB2A2-FDD8-4D9E-8CF0-E31897F9B228}.Release|x86.ActiveCfg = Release|Win32
		{2F4EB2A2-FDD8-4D9E-8CF0-E31897F9B228}.Release|x86.Build.0 = Release|Win32
	EndGlobalSection
	GlobalSection(SolutionProperties) = preSolution
		HideSolutionNode = FALSE
	EndGlobalSection
	GlobalSection(ExtensibilityGlobals) = postSolution
		SolutionGuid = {1336B871-AC3A-4EC7-A535-00D16E4BEEA6}
	EndGlobalSection
EndGlobal
